
Microsoft Visual Studio Solution File, Format Version 12.00
# Visual Studio 15
VisualStudioVersion = 15.0.28307.106
MinimumVisualStudioVersion = 10.0.40219.1
Project("{FAE04EC0-301F-11D3-BF4B-00C04F79EFBC}") = "AnalizorLL1", "AnalizorLL1\AnalizorLL1.csproj", "{8F9E3799-B590-456A-B74E-4976E39580A1}"
EndProject
Global
	GlobalSection(SolutionConfigurationPlatforms) = preSolution
		Debug|Any CPU = Debug|Any CPU
		Release|Any CPU = Release|Any CPU
	EndGlobalSection
	GlobalSection(ProjectConfigurationPlatforms) = postSolution
		{8F9E3799-B590-456A-B74E-4976E39580A1}.Debug|Any CPU.ActiveCfg = Debug|Any CPU
		{8F9E3799-B590-456A-B74E-4976E39580A1}.Debug|Any CPU.Build.0 = Debug|Any CPU
		{8F9E3799-B590-456A-B74E-4976E39580A1}.Release|Any CPU.ActiveCfg = Release|Any CPU
		{8F9E3799-B590-456A-B74E-4976E39580A1}.Release|Any CPU.Build.0 = Release|Any CPU
	EndGlobalSection
	GlobalSection(SolutionProperties) = preSolution
		HideSolutionNode = FALSE
	EndGlobalSection
	GlobalSection(ExtensibilityGlobals) = postSolution
		SolutionGuid = {1018CB34-9D58-4AA8-BB1B-F228E0506F8A}
	EndGlobalSection
EndGlobal
